# Thin-shell lock file (no vendor, no source copy)
# Update refs here, then run: make install-binary
CORE_REPO=https://github.com/LogLine-Foundation/UBL-CORE.git
CORE_REF=main

# Optional: direct binary URL from releases (preferred for production)
# CORE_BINARY_URL=https://github.com/LogLine-Foundation/UBL-CORE/releases/download/v0.1.0-core-baseline/ubl-gate-darwin-aarch64

# Fallback build target when CORE_BINARY_URL is empty
CORE_BINARY_CRATE=ubl_gate
CORE_BINARY_NAME=ubl-gate
